
Microsoft Visual Studio Solution File, Format Version 12.00
# Visual Studio Version 17
VisualStudioVersion = 17.7.34024.191
MinimumVisualStudioVersion = 10.0.40219.1
Project("{FAE04EC0-301F-11D3-BF4B-00C04F79EFBC}") = "RPG-Characters", "RPG-Characters\RPG-Characters.csproj", "{2263F5BA-8883-4919-820A-E4B5932D3F93}"
EndProject
Global
	GlobalSection(SolutionConfigurationPlatforms) = preSolution
		Debug|Any CPU = Debug|Any CPU
		Release|Any CPU = Release|Any CPU
	EndGlobalSection
	GlobalSection(ProjectConfigurationPlatforms) = postSolution
		{2263F5BA-8883-4919-820A-E4B5932D3F93}.Debug|Any CPU.ActiveCfg = Debug|Any CPU
		{2263F5BA-8883-4919-820A-E4B5932D3F93}.Debug|Any CPU.Build.0 = Debug|Any CPU
		{2263F5BA-8883-4919-820A-E4B5932D3F93}.Release|Any CPU.ActiveCfg = Release|Any CPU
		{2263F5BA-8883-4919-820A-E4B5932D3F93}.Release|Any CPU.Build.0 = Release|Any CPU
	EndGlobalSection
	GlobalSection(SolutionProperties) = preSolution
		HideSolutionNode = FALSE
	EndGlobalSection
	GlobalSection(ExtensibilityGlobals) = postSolution
		SolutionGuid = {F01E51CD-81C2-456C-83A1-4B92A49C5095}
	EndGlobalSection
EndGlobal
